
Microsoft Visual Studio Solution File, Format Version 12.00
# Visual Studio Version 17
VisualStudioVersion = 17.0.31912.275
MinimumVisualStudioVersion = 10.0.40219.1
Project("{9A19103F-16F7-4668-BE54-9A1E7A4F7556}") = "SimpleNuget", "SimpleNuget\SimpleNuget.csproj", "{4C26E3B1-9948-4DF4-9EF7-A18226AE1615}"
EndProject
Project("{FAE04EC0-301F-11D3-BF4B-00C04F79EFBC}") = "SimpleNuget.Tests", "SimpleNuget.Tests\SimpleNuget.Tests.csproj", "{3A9B2803-35E0-4932-8543-67F35AE0EC70}"
EndProject
Global
	GlobalSection(SolutionConfigurationPlatforms) = preSolution
		Debug|Any CPU = Debug|Any CPU
		Release|Any CPU = Release|Any CPU
	EndGlobalSection
	GlobalSection(ProjectConfigurationPlatforms) = postSolution
		{4C26E3B1-9948-4DF4-9EF7-A18226AE1615}.Debug|Any CPU.ActiveCfg = Debug|Any CPU
		{4C26E3B1-9948-4DF4-9EF7-A18226AE1615}.Debug|Any CPU.Build.0 = Debug|Any CPU
		{4C26E3B1-9948-4DF4-9EF7-A18226AE1615}.Release|Any CPU.ActiveCfg = Release|Any CPU
		{4C26E3B1-9948-4DF4-9EF7-A18226AE1615}.Release|Any CPU.Build.0 = Release|Any CPU
		{3A9B2803-35E0-4932-8543-67F35AE0EC70}.Debug|Any CPU.ActiveCfg = Debug|Any CPU
		{3A9B2803-35E0-4932-8543-67F35AE0EC70}.Debug|Any CPU.Build.0 = Debug|Any CPU
		{3A9B2803-35E0-4932-8543-67F35AE0EC70}.Release|Any CPU.ActiveCfg = Release|Any CPU
		{3A9B2803-35E0-4932-8543-67F35AE0EC70}.Release|Any CPU.Build.0 = Release|Any CPU
	EndGlobalSection
	GlobalSection(SolutionProperties) = preSolution
		HideSolutionNode = FALSE
	EndGlobalSection
	GlobalSection(ExtensibilityGlobals) = postSolution
		SolutionGuid = {EBCCC3C7-E513-4B16-8F52-4190B0D4B049}
	EndGlobalSection
EndGlobal
